
Microsoft Visual Studio Solution File, Format Version 12.00
# Visual Studio Version 16
VisualStudioVersion = 16.0.31702.278
MinimumVisualStudioVersion = 10.0.40219.1
Project("{FAE04EC0-301F-11D3-BF4B-00C04F79EFBC}") = "FirstWebApi_Backend", "FirstWebApi_Backend\FirstWebApi_Backend.csproj", "{DC7674F0-1E09-41B8-8F4C-0C25A841056B}"
EndProject
Global
	GlobalSection(SolutionConfigurationPlatforms) = preSolution
		Debug|Any CPU = Debug|Any CPU
		Release|Any CPU = Release|Any CPU
	EndGlobalSection
	GlobalSection(ProjectConfigurationPlatforms) = postSolution
		{DC7674F0-1E09-41B8-8F4C-0C25A841056B}.Debug|Any CPU.ActiveCfg = Debug|Any CPU
		{DC7674F0-1E09-41B8-8F4C-0C25A841056B}.Debug|Any CPU.Build.0 = Debug|Any CPU
		{DC7674F0-1E09-41B8-8F4C-0C25A841056B}.Release|Any CPU.ActiveCfg = Release|Any CPU
		{DC7674F0-1E09-41B8-8F4C-0C25A841056B}.Release|Any CPU.Build.0 = Release|Any CPU
	EndGlobalSection
	GlobalSection(SolutionProperties) = preSolution
		HideSolutionNode = FALSE
	EndGlobalSection
	GlobalSection(ExtensibilityGlobals) = postSolution
		SolutionGuid = {5B05D40A-AB59-479E-B040-860D59AE400C}
	EndGlobalSection
EndGlobal
